{
  "name": "root",
  "lockfileVersion": 3,
  "requires": true,
  "packages": {
    "": {
      "name": "root",
      "devDependencies": {
        "@sliprail/sdk": "^0.1.9"
      }
    },
    "node_modules/@sliprail/sdk": {
      "version": "0.1.9",
      "resolved": "https://registry.npmjs.org/@sliprail/sdk/-/sdk-0.1.9.tgz",
      "integrity": "sha512-GO9IIO/ay76p8hkqprZ7LWQqdEZwTyhX3tvyxna974Zen69BYkRkKeFurskxguVhgdRXmxocUdeedwGwNgPs8g==",
      "dev": true,
      "license": "MIT",
      "engines": {
        "node": ">=20"
      }
    }
  }
}
