{
  "name": "root",
  "lockfileVersion": 3,
  "requires": true,
  "packages": {
    "": {
      "name": "root",
      "devDependencies": {
        "@sliprail/sdk": "^0.1.8"
      }
    },
    "node_modules/@sliprail/sdk": {
      "version": "0.1.8",
      "resolved": "https://registry.npmjs.org/@sliprail/sdk/-/sdk-0.1.8.tgz",
      "integrity": "sha512-LNGzleNlZviBfU0jOFnvBtkQ9Mn7P6F+tQUJice3WRiME/t9xptZufTrwuhnhwWyu6VTozP8rTSsXa2wmz831w==",
      "dev": true,
      "license": "MIT",
      "engines": {
        "node": ">=20"
      }
    }
  }
}
