{
  "name": "root",
  "lockfileVersion": 3,
  "requires": true,
  "packages": {
    "": {
      "name": "root",
      "devDependencies": {
        "@sliprail/sdk": "^0.1.6"
      }
    },
    "node_modules/@sliprail/sdk": {
      "version": "0.1.6",
      "resolved": "https://registry.npmjs.org/@sliprail/sdk/-/sdk-0.1.6.tgz",
      "integrity": "sha512-cGLZ8x7QQC6ZFeJk2mOt552PPh35hgAmGn/vX28N0pauDNGxF7nxfCxtZLc6HfM+XTK+Nm+LQ+BAZqm6ZeQwWA==",
      "dev": true,
      "license": "MIT",
      "engines": {
        "node": ">=20"
      }
    }
  }
}
